{
  "version": 4,
  "terraform_version": "0.13.5",
  "serial": 18,
  "lineage": "a11a7de8-80ee-e457-72ef-f4b951f8cf3d",
  "outputs": {},
  "resources": [
    {
      "mode": "managed",
      "type": "aws_vpc",
      "name": "HomerTestVPC",
      "provider": "provider[\"registry.terraform.io/hashicorp/aws\"]",
      "instances": [
        {
          "schema_version": 1,
          "attributes": {
            "arn": "arn:aws:ec2:us-east-1:509130302659:vpc/vpc-0112eff7ba88edee6",
            "assign_generated_ipv6_cidr_block": false,
            "cidr_block": "10.0.0.0/16",
            "default_network_acl_id": "acl-064ab1e7077c9f5dc",
            "default_route_table_id": "rtb-0b4b463d1e5148574",
            "default_security_group_id": "sg-0c9f1fa5f976a9597",
            "dhcp_options_id": "dopt-b99482db",
            "enable_classiclink": false,
            "enable_classiclink_dns_support": false,
            "enable_dns_hostnames": true,
            "enable_dns_support": true,
            "id": "vpc-0112eff7ba88edee6",
            "instance_tenancy": "default",
            "ipv6_association_id": "",
            "ipv6_cidr_block": "",
            "main_route_table_id": "rtb-0b4b463d1e5148574",
            "owner_id": "509130302659",
            "tags": {
              "Name": "HomerTestVPC"
            }
          },
          "private": "eyJzY2hlbWFfdmVyc2lvbiI6IjEifQ=="
        }
      ]
    }
  ]
}
